
Microsoft Visual Studio Solution File, Format Version 12.00
# Visual Studio Version 16
VisualStudioVersion = 16.0.30503.244
MinimumVisualStudioVersion = 10.0.40219.1
Project("{FAE04EC0-301F-11D3-BF4B-00C04F79EFBC}") = "ATM_Machine", "ATM_Machine\ATM_Machine.csproj", "{976A799C-462F-4B1F-BD11-5D5D1DA5AC38}"
EndProject
Global
	GlobalSection(SolutionConfigurationPlatforms) = preSolution
		Debug|Any CPU = Debug|Any CPU
		Release|Any CPU = Release|Any CPU
	EndGlobalSection
	GlobalSection(ProjectConfigurationPlatforms) = postSolution
		{976A799C-462F-4B1F-BD11-5D5D1DA5AC38}.Debug|Any CPU.ActiveCfg = Debug|Any CPU
		{976A799C-462F-4B1F-BD11-5D5D1DA5AC38}.Debug|Any CPU.Build.0 = Debug|Any CPU
		{976A799C-462F-4B1F-BD11-5D5D1DA5AC38}.Release|Any CPU.ActiveCfg = Release|Any CPU
		{976A799C-462F-4B1F-BD11-5D5D1DA5AC38}.Release|Any CPU.Build.0 = Release|Any CPU
	EndGlobalSection
	GlobalSection(SolutionProperties) = preSolution
		HideSolutionNode = FALSE
	EndGlobalSection
	GlobalSection(ExtensibilityGlobals) = postSolution
		SolutionGuid = {0C154FEE-2A9A-411E-8BB0-511E731DBC4E}
	EndGlobalSection
EndGlobal
